// !$*UTF8*$!
{
	archiveVersion = 1;
	classes = {
	};
	objectVersion = 46;
	objects = {

/* Begin PBXBuildFile section */
		4E8E7DF11C04C9E600F6BF56 /* AppDelegate.swift in Sources */ = {isa = PBXBuildFile; fileRef = 4E8E7DF01C04C9E600F6BF56 /* AppDelegate.swift */; };
		4E8E7DF31C04C9E600F6BF56 /* ViewController.swift in Sources */ = {isa = PBXBuildFile; fileRef = 4E8E7DF21C04C9E600F6BF56 /* ViewController.swift */; };
		4E8E7DF61C04C9E600F6BF56 /* Main.storyboard in Resources */ = {isa = PBXBuildFile; fileRef = 4E8E7DF41C04C9E600F6BF56 /* Main.storyboard */; };
		4E8E7DF81C04C9E600F6BF56 /* Assets.xcassets in Resources */ = {isa = PBXBuildFile; fileRef = 4E8E7DF71C04C9E600F6BF56 /* Assets.xcassets */; };
		4E8E7DFB1C04C9E600F6BF56 /* LaunchScreen.storyboard in Resources */ = {isa = PBXBuildFile; fileRef = 4E8E7DF91C04C9E600F6BF56 /* LaunchScreen.storyboard */; };
/* End PBXBuildFile section */

/* Begin PBXFileReference section */
		4E8E7DED1C04C9E600F6BF56 /* Weather App.app */ = {isa = PBXFileReference; explicitFileType = wrapper.application; includeInIndex = 0; path = "Weather App.app"; sourceTree = BUILT_PRODUCTS_DIR; };
		4E8E7DF01C04C9E600F6BF56 /* AppDelegate.swift */ = {isa = PBXFileReference; lastKnownFileType = sourcecode.swift; path = AppDelegate.swift; sourceTree = "<group>"; };
		4E8E7DF21C04C9E600F6BF56 /* ViewController.swift */ = {isa = PBXFileReference; lastKnownFileType = sourcecode.swift; path = ViewController.swift; sourceTree = "<group>"; };
		4E8E7DF51C04C9E600F6BF56 /* Base */ = {isa = PBXFileReference; lastKnownFileType = file.storyboard; name = Base; path = Base.lproj/Main.storyboard; sourceTree = "<group>"; };
		4E8E7DF71C04C9E600F6BF56 /* Assets.xcassets */ = {isa = PBXFileReference; lastKnownFileType = folder.assetcatalog; path = Assets.xcassets; sourceTree = "<group>"; };
		4E8E7DFA1C04C9E600F6BF56 /* Base */ = {isa = PBXFileReference; lastKnownFileType = file.storyboard; name = Base; path = Base.lproj/LaunchScreen.storyboard; sourceTree = "<group>"; };
		4E8E7DFC1C04C9E600F6BF56 /* Info.plist */ = {isa = PBXFileReference; lastKnownFileType = text.plist.xml; path = Info.plist; sourceTree = "<group>"; };
/* End PBXFileReference section */

/* Begin PBXFrameworksBuildPhase section */
		4E8E7DEA1C04C9E600F6BF56 /* Frameworks */ = {
			isa = PBXFrameworksBuildPhase;
			buildActionMask = 2147483647;
			files = (
			);
			runOnlyForDeploymentPostprocessing = 0;
		};
/* End PBXFrameworksBuildPhase section */

/* Begin PBXGroup section */
		4E8E7DE41C04C9E600F6BF56 = {
			isa = PBXGroup;
			children = (
				4E8E7DEF1C04C9E600F6BF56 /* Weather App */,
				4E8E7DEE1C04C9E600F6BF56 /* Products */,
			);
			sourceTree = "<group>";
		};
		4E8E7DEE1C04C9E600F6BF56 /* Products */ = {
			isa = PBXGroup;
			children = (
				4E8E7DED1C04C9E600F6BF56 /* Weather App.app */,
			);
			name = Products;
			sourceTree = "<group>";
		};
		4E8E7DEF1C04C9E600F6BF56 /* Weather App */ = {
			isa = PBXGroup;
			children = (
				4E8E7DF01C04C9E600F6BF56 /* AppDelegate.swift */,
				4E8E7DF21C04C9E600F6BF56 /* ViewController.swift */,
				4E8E7DF41C04C9E600F6BF56 /* Main.storyboard */,
				4E8E7DF71C04C9E600F6BF56 /* Assets.xcassets */,
				4E8E7DF91C04C9E600F6BF56 /* LaunchScreen.storyboard */,
				4E8E7DFC1C04C9E600F6BF56 /* Info.plist */,
			);
			path = "Weather App";
			sourceTree = "<group>";
		};
/* End PBXGroup section */

/* Begin PBXNativeTarget section */
		4E8E7DEC1C04C9E600F6BF56 /* Weather App */ = {
			isa = PBXNativeTarget;
			buildConfigurationList = 4E8E7DFF1C04C9E600F6BF56 /* Build configuration list for PBXNativeTarget "Weather App" */;
			buildPhases = (
				4E8E7DE91C04C9E600F6BF56 /* Sources */,
				4E8E7DEA1C04C9E600F6BF56 /* Frameworks */,
				4E8E7DEB1C04C9E600F6BF56 /* Resources */,
			);
			buildRules = (
			);
			dependencies = (
			);
			name = "Weather App";
			productName = "Weather App";
			productReference = 4E8E7DED1C04C9E600F6BF56 /* Weather App.app */;
			productType = "com.apple.product-type.application";
		};
/* End PBXNativeTarget section */

/* Begin PBXProject section */
		4E8E7DE51C04C9E600F6BF56 /* Project object */ = {
			isa = PBXProject;
			attributes = {
				LastSwiftUpdateCheck = 0710;
				LastUpgradeCheck = 0710;
				ORGANIZATIONNAME = sharifzoda;
				TargetAttributes = {
					4E8E7DEC1C04C9E600F6BF56 = {
						CreatedOnToolsVersion = 7.1;
						DevelopmentTeam = 46N5PY8978;
					};
				};
			};
			buildConfigurationList = 4E8E7DE81C04C9E600F6BF56 /* Build configuration list for PBXProject "Weather App" */;
			compatibilityVersion = "Xcode 3.2";
			developmentRegion = English;
			hasScannedForEncodings = 0;
			knownRegions = (
				en,
				Base,
			);
			mainGroup = 4E8E7DE41C04C9E600F6BF56;
			productRefGroup = 4E8E7DEE1C04C9E600F6BF56 /* Products */;
			projectDirPath = "";
			projectRoot = "";
			targets = (
				4E8E7DEC1C04C9E600F6BF56 /* Weather App */,
			);
		};
/* End PBXProject section */

/* Begin PBXResourcesBuildPhase section */
		4E8E7DEB1C04C9E600F6BF56 /* Resources */ = {
			isa = PBXResourcesBuildPhase;
			buildActionMask = 2147483647;
			files = (
				4E8E7DFB1C04C9E600F6BF56 /* LaunchScreen.storyboard in Resources */,
				4E8E7DF81C04C9E600F6BF56 /* Assets.xcassets in Resources */,
				4E8E7DF61C04C9E600F6BF56 /* Main.storyboard in Resources */,
			);
			runOnlyForDeploymentPostprocessing = 0;
		};
/* End PBXResourcesBuildPhase section */

/* Begin PBXSourcesBuildPhase section */
		4E8E7DE91C04C9E600F6BF56 /* Sources */ = {
			isa = PBXSourcesBuildPhase;
			buildActionMask = 2147483647;
			files = (
				4E8E7DF31C04C9E600F6BF56 /* ViewController.swift in Sources */,
				4E8E7DF11C04C9E600F6BF56 /* AppDelegate.swift in Sources */,
			);
			runOnlyForDeploymentPostprocessing = 0;
		};
/* End PBXSourcesBuildPhase section */

/* Begin PBXVariantGroup section */
		4E8E7DF41C04C9E600F6BF56 /* Main.storyboard */ = {
			isa = PBXVariantGroup;
			children = (
				4E8E7DF51C04C9E600F6BF56 /* Base */,
			);
			name = Main.storyboard;
			sourceTree = "<group>";
		};
		4E8E7DF91C04C9E600F6BF56 /* LaunchScreen.storyboard */ = {
			isa = PBXVariantGroup;
			children = (
				4E8E7DFA1C04C9E600F6BF56 /* Base */,
			);
			name = LaunchScreen.storyboard;
			sourceTree = "<group>";
		};
/* End PBXVariantGroup section */

/* Begin XCBuildConfiguration section */
		4E8E7DFD1C04C9E600F6BF56 /* Debug */ = {
			isa = XCBuildConfiguration;
			buildSettings = {
				ALWAYS_SEARCH_USER_PATHS = NO;
				CLANG_CXX_LANGUAGE_STANDARD = "gnu++0x";
				CLANG_CXX_LIBRARY = "libc++";
				CLANG_ENABLE_MODULES = YES;
				CLANG_ENABLE_OBJC_ARC = YES;
				CLANG_WARN_BOOL_CONVERSION = YES;
				CLANG_WARN_CONSTANT_CONVERSION = YES;
				CLANG_WARN_DIRECT_OBJC_ISA_USAGE = YES_ERROR;
				CLANG_WARN_EMPTY_BODY = YES;
				CLANG_WARN_ENUM_CONVERSION = YES;
				CLANG_WARN_INT_CONVERSION = YES;
				CLANG_WARN_OBJC_ROOT_CLASS = YES_ERROR;
				CLANG_WARN_UNREACHABLE_CODE = YES;
				CLANG_WARN__DUPLICATE_METHOD_MATCH = YES;
				"CODE_SIGN_IDENTITY[sdk=iphoneos*]" = "iPhone Developer";
				COPY_PHASE_STRIP = NO;
				DEBUG_INFORMATION_FORMAT = dwarf;
				ENABLE_STRICT_OBJC_MSGSEND = YES;
				ENABLE_TESTABILITY = YES;
				GCC_C_LANGUAGE_STANDARD = gnu99;
				GCC_DYNAMIC_NO_PIC = NO;
				GCC_NO_COMMON_BLOCKS = YES;
				GCC_OPTIMIZATION_LEVEL = 0;
				GCC_PREPROCESSOR_DEFINITIONS = (
					"DEBUG=1",
					"$(inherited)",
				);
				GCC_WARN_64_TO_32_BIT_CONVERSION = YES;
				GCC_WARN_ABOUT_RETURN_TYPE = YES_ERROR;
				GCC_WARN_UNDECLARED_SELECTOR = YES;
				GCC_WARN_UNINITIALIZED_AUTOS = YES_AGGRESSIVE;
				GCC_WARN_UNUSED_FUNCTION = YES;
				GCC_WARN_UNUSED_VARIABLE = YES;
				IPHONEOS_DEPLOYMENT_TARGET = 9.1;
				MTL_ENABLE_DEBUG_INFO = YES;
				ONLY_ACTIVE_ARCH = YES;
				SDKROOT = iphoneos;
				SWIFT_OPTIMIZATION_LEVEL = "-Onone";
			};
			name = Debug;
		};
		4E8E7DFE1C04C9E600F6BF56 /* Release */ = {
			isa = XCBuildConfiguration;
			buildSettings = {
				ALWAYS_SEARCH_USER_PATHS = NO;
				CLANG_CXX_LANGUAGE_STANDARD = "gnu++0x";
				CLANG_CXX_LIBRARY = "libc++";
				CLANG_ENABLE_MODULES = YES;
				CLANG_ENABLE_OBJC_ARC = YES;
				CLANG_WARN_BOOL_CONVERSION = YES;
				CLANG_WARN_CONSTANT_CONVERSION = YES;
				CLANG_WARN_DIRECT_OBJC_ISA_USAGE = YES_ERROR;
				CLANG_WARN_EMPTY_BODY = YES;
				CLANG_WARN_ENUM_CONVERSION = YES;
				CLANG_WARN_INT_CONVERSION = YES;
				CLANG_WARN_OBJC_ROOT_CLASS = YES_ERROR;
				CLANG_WARN_UNREACHABLE_CODE = YES;
				CLANG_WARN__DUPLICATE_METHOD_MATCH = YES;
				"CODE_SIGN_IDENTITY[sdk=iphoneos*]" = "iPhone Developer";
				COPY_PHASE_STRIP = NO;
				DEBUG_INFORMATION_FORMAT = "dwarf-with-dsym";
				ENABLE_NS_ASSERTIONS = NO;
				ENABLE_STRICT_OBJC_MSGSEND = YES;
				GCC_C_LANGUAGE_STANDARD = gnu99;
				GCC_NO_COMMON_BLOCKS = YES;
				GCC_WARN_64_TO_32_BIT_CONVERSION = YES;
				GCC_WARN_ABOUT_RETURN_TYPE = YES_ERROR;
				GCC_WARN_UNDECLARED_SELECTOR = YES;
				GCC_WARN_UNINITIALIZED_AUTOS = YES_AGGRESSIVE;
				GCC_WARN_UNUSED_FUNCTION = YES;
				GCC_WARN_UNUSED_VARIABLE = YES;
				IPHONEOS_DEPLOYMENT_TARGET = 9.1;
				MTL_ENABLE_DEBUG_INFO = NO;
				SDKROOT = iphoneos;
				VALIDATE_PRODUCT = YES;
			};
			name = Release;
		};
		4E8E7E001C04C9E600F6BF56 /* Debug */ = {
			isa = XCBuildConfiguration;
			buildSettings = {
				ASSETCATALOG_COMPILER_APPICON_NAME = AppIcon;
				INFOPLIST_FILE = "Weather App/Info.plist";
				LD_RUNPATH_SEARCH_PATHS = "$(inherited) @executable_path/Frameworks";
				PRODUCT_BUNDLE_IDENTIFIER = "com.sharifzoda.Weather-App";
				PRODUCT_NAME = "$(TARGET_NAME)";
			};
			name = Debug;
		};
		4E8E7E011C04C9E600F6BF56 /* Release */ = {
			isa = XCBuildConfiguration;
			buildSettings = {
				ASSETCATALOG_COMPILER_APPICON_NAME = AppIcon;
				INFOPLIST_FILE = "Weather App/Info.plist";
				LD_RUNPATH_SEARCH_PATHS = "$(inherited) @executable_path/Frameworks";
				PRODUCT_BUNDLE_IDENTIFIER = "com.sharifzoda.Weather-App";
				PRODUCT_NAME = "$(TARGET_NAME)";
			};
			name = Release;
		};
/* End XCBuildConfiguration section */

/* Begin XCConfigurationList section */
		4E8E7DE81C04C9E600F6BF56 /* Build configuration list for PBXProject "Weather App" */ = {
			isa = XCConfigurationList;
			buildConfigurations = (
				4E8E7DFD1C04C9E600F6BF56 /* Debug */,
				4E8E7DFE1C04C9E600F6BF56 /* Release */,
			);
			defaultConfigurationIsVisible = 0;
			defaultConfigurationName = Release;
		};
		4E8E7DFF1C04C9E600F6BF56 /* Build configuration list for PBXNativeTarget "Weather App" */ = {
			isa = XCConfigurationList;
			buildConfigurations = (
				4E8E7E001C04C9E600F6BF56 /* Debug */,
				4E8E7E011C04C9E600F6BF56 /* Release */,
			);
			defaultConfigurationIsVisible = 0;
		};
/* End XCConfigurationList section */
	};
	rootObject = 4E8E7DE51C04C9E600F6BF56 /* Project object */;
}
